{
    "_readme": [
        "This file locks the dependencies of your project to a known state",
        "Read more about it at https://getcomposer.org/doc/01-basic-usage.md#installing-dependencies",
        "This file is @generated automatically"
    ],
    "content-hash": "66f99940cb07b858a7d68ac10b809767",
    "packages": [
        {
            "name": "hhvm/hhvm-autoload",
            "version": "v3.3.0",
            "source": {
                "type": "git",
                "url": "https://github.com/hhvm/hhvm-autoload.git",
                "reference": "0b5be45a7a57a6cc24f3a62889367656ff61ae4a"
            },
            "dist": {
                "type": "zip",
                "url": "https://api.github.com/repos/hhvm/hhvm-autoload/zipball/0b5be45a7a57a6cc24f3a62889367656ff61ae4a",
                "reference": "0b5be45a7a57a6cc24f3a62889367656ff61ae4a",
                "shasum": ""
            },
            "require": {
                "composer-plugin-api": "^1.0|^2.0",
                "hhvm": "^4.109",
                "hhvm/hsl": "^4.0"
            },
            "replace": {
                "facebook/hhvm-autoload": "1.*"
            },
            "require-dev": {
                "facebook/fbexpect": "^2.1",
                "hhvm/hacktest": "^2.0"
            },
            "bin": [
                "bin/hh-autoload",
                "bin/hh-autoload.hack"
            ],
            "type": "composer-plugin",
            "extra": {
                "class": [
                    "Facebook\\AutoloadMap\\ComposerPlugin"
                ],
                "branch-alias": {
                    "dev-master": "3.x-dev",
                    "dev-CI_current_pull_request": "3.x-dev"
                }
            },
            "autoload": {
                "classmap": [
                    "ComposerPlugin.php"
                ]
            },
            "notification-url": "https://packagist.org/downloads/",
            "license": [
                "MIT"
            ],
            "support": {
                "issues": "https://github.com/hhvm/hhvm-autoload/issues",
                "source": "https://github.com/hhvm/hhvm-autoload/tree/v3.3.0"
            },
            "time": "2021-07-13T16:10:54+00:00"
        },
        {
            "name": "hhvm/hsl",
            "version": "v4.108.1",
            "source": {
                "type": "git",
                "url": "https://github.com/hhvm/hsl.git",
                "reference": "3b4375e6adf63ac9171721b031b662dd3524c5bb"
            },
            "dist": {
                "type": "zip",
                "url": "https://api.github.com/repos/hhvm/hsl/zipball/3b4375e6adf63ac9171721b031b662dd3524c5bb",
                "reference": "3b4375e6adf63ac9171721b031b662dd3524c5bb",
                "shasum": ""
            },
            "require": {
                "hhvm": "^4.108"
            },
            "require-dev": {
                "facebook/fbexpect": "^2.5.1",
                "hhvm/hacktest": "^1.0|^2.0",
                "hhvm/hhvm-autoload": "^2.0|^3.0",
                "hhvm/hsl-experimental": "^4.37|dev-master"
            },
            "type": "library",
            "extra": {
                "branch-alias": {
                    "dev-master": "4.x-dev",
                    "dev-CI_current_pull_request": "4.x-dev"
                }
            },
            "notification-url": "https://packagist.org/downloads/",
            "license": [
                "MIT"
            ],
            "description": "The Hack Standard Library",
            "support": {
                "issues": "https://github.com/hhvm/hsl/issues",
                "source": "https://github.com/hhvm/hsl/tree/v4.108.1"
            },
            "time": "2021-05-04T14:32:06+00:00"
        }
    ],
    "packages-dev": [
        {
            "name": "facebook/difflib",
            "version": "v1.2.0",
            "source": {
                "type": "git",
                "url": "https://github.com/hhvm/difflib.git",
                "reference": "b697c0ac436629c8cd9627ab31a60777431f72f6"
            },
            "dist": {
                "type": "zip",
                "url": "https://api.github.com/repos/hhvm/difflib/zipball/b697c0ac436629c8cd9627ab31a60777431f72f6",
                "reference": "b697c0ac436629c8cd9627ab31a60777431f72f6",
                "shasum": ""
            },
            "require": {
                "hhvm": "^4.8",
                "hhvm/hsl": "^4.0"
            },
            "require-dev": {
                "facebook/fbexpect": "^2.1.2",
                "hhvm/hacktest": "^1.0",
                "hhvm/hhast": "^4.0",
                "hhvm/hhvm-autoload": "^2.0"
            },
            "type": "library",
            "extra": {
                "branch-alias": {
                    "dev-master": "1.x-dev"
                }
            },
            "notification-url": "https://packagist.org/downloads/",
            "license": [
                "MIT"
            ],
            "support": {
                "issues": "https://github.com/hhvm/difflib/issues",
                "source": "https://github.com/hhvm/difflib/tree/v1.2.0"
            },
            "time": "2019-07-22T20:15:27+00:00"
        },
        {
            "name": "facebook/fbexpect",
            "version": "v2.8.0",
            "source": {
                "type": "git",
                "url": "https://github.com/hhvm/fbexpect.git",
                "reference": "2b83fa141602e05e0b78b6a8e111fdb7290143f1"
            },
            "dist": {
                "type": "zip",
                "url": "https://api.github.com/repos/hhvm/fbexpect/zipball/2b83fa141602e05e0b78b6a8e111fdb7290143f1",
                "reference": "2b83fa141602e05e0b78b6a8e111fdb7290143f1",
                "shasum": ""
            },
            "require": {
                "facebook/difflib": "^1.0.0",
                "hhvm": "^4.56",
                "hhvm/hacktest": "^1.0|^2.0",
                "hhvm/hsl": "^4.0"
            },
            "require-dev": {
                "hhvm/hhast": "^4.0",
                "hhvm/hhvm-autoload": "^2.0|^3.0"
            },
            "type": "library",
            "notification-url": "https://packagist.org/downloads/",
            "license": [
                "MIT"
            ],
            "description": "Unit test helpers for Facebook projects",
            "support": {
                "issues": "https://github.com/hhvm/fbexpect/issues",
                "source": "https://github.com/hhvm/fbexpect/tree/v2.8.0"
            },
            "time": "2021-05-12T19:49:29+00:00"
        },
        {
            "name": "facebook/hh-clilib",
            "version": "v2.6.0",
            "source": {
                "type": "git",
                "url": "https://github.com/hhvm/hh-clilib.git",
                "reference": "a275f2fe7e5c1144c09793fcb2a8f57533f2eb68"
            },
            "dist": {
                "type": "zip",
                "url": "https://api.github.com/repos/hhvm/hh-clilib/zipball/a275f2fe7e5c1144c09793fcb2a8f57533f2eb68",
                "reference": "a275f2fe7e5c1144c09793fcb2a8f57533f2eb68",
                "shasum": ""
            },
            "require": {
                "hhvm": "^4.76",
                "hhvm/hsl": "^4.0",
                "hhvm/hsl-experimental": "^4.58.0rc1",
                "hhvm/hsl-io": "^0.3.0",
                "hhvm/type-assert": "^4.0"
            },
            "require-dev": {
                "facebook/fbexpect": "^2.6.1",
                "hhvm/hacktest": "^2.2.0rc1",
                "hhvm/hhvm-autoload": "^3.1.0"
            },
            "type": "library",
            "extra": {
                "branch-alias": {
                    "dev-master": "2.x-dev"
                }
            },
            "notification-url": "https://packagist.org/downloads/",
            "license": [
                "MIT"
            ],
            "support": {
                "issues": "https://github.com/hhvm/hh-clilib/issues",
                "source": "https://github.com/hhvm/hh-clilib/tree/v2.6.0"
            },
            "time": "2020-12-14T21:29:15+00:00"
        },
        {
            "name": "hhvm/hacktest",
            "version": "v2.2.3",
            "source": {
                "type": "git",
                "url": "https://github.com/hhvm/hacktest.git",
                "reference": "35780fc82605b06b0c4865c1ae9531f87200dbdc"
            },
            "dist": {
                "type": "zip",
                "url": "https://api.github.com/repos/hhvm/hacktest/zipball/35780fc82605b06b0c4865c1ae9531f87200dbdc",
                "reference": "35780fc82605b06b0c4865c1ae9531f87200dbdc",
                "shasum": ""
            },
            "require": {
                "facebook/hh-clilib": "^2.5.0rc1",
                "hhvm": "^4.60",
                "hhvm/hhvm-autoload": "^2.0.2|^3.0",
                "hhvm/hsl-experimental": "^4.58.0rc1",
                "hhvm/hsl-io": "^0.2.0|^0.3.0",
                "hhvm/type-assert": "^3.0|^4.0"
            },
            "require-dev": {
                "facebook/fbexpect": "^2.3.0",
                "hhvm/hhast": "^4.0"
            },
            "bin": [
                "bin/hacktest",
                "bin/hacktest.hack"
            ],
            "type": "library",
            "extra": {
                "branch-alias": {
                    "dev-master": "2.x-dev",
                    "dev-CI_current_pull_request": "2.x-dev"
                }
            },
            "notification-url": "https://packagist.org/downloads/",
            "license": [
                "MIT"
            ],
            "description": "The Hack Test Library",
            "support": {
                "issues": "https://github.com/hhvm/hacktest/issues",
                "source": "https://github.com/hhvm/hacktest/tree/v2.2.3"
            },
            "time": "2020-12-14T21:52:12+00:00"
        },
        {
            "name": "hhvm/hhast",
            "version": "v4.123.1",
            "source": {
                "type": "git",
                "url": "https://github.com/hhvm/hhast.git",
                "reference": "81fe7ccb2b8ac62c1f5d33a853dad0565ce59162"
            },
            "dist": {
                "type": "zip",
                "url": "https://api.github.com/repos/hhvm/hhast/zipball/81fe7ccb2b8ac62c1f5d33a853dad0565ce59162",
                "reference": "81fe7ccb2b8ac62c1f5d33a853dad0565ce59162",
                "shasum": ""
            },
            "require": {
                "facebook/difflib": "^1.0.0",
                "facebook/hh-clilib": "^2.5.0rc1",
                "hhvm": "^4.123",
                "hhvm/hhvm-autoload": "^2.0.4|^3.0",
                "hhvm/hsl": "^4.25",
                "hhvm/hsl-experimental": "^4.58.0rc1",
                "hhvm/hsl-io": "^0.2.0|0.3.0",
                "hhvm/type-assert": "^3.0|^4.0"
            },
            "require-dev": {
                "facebook/fbexpect": "^2.1.1",
                "facebook/hack-codegen": "^4.0",
                "hhvm/hacktest": "^2.2.0"
            },
            "bin": [
                "bin/hhast-lint",
                "bin/hhast-lint.hack",
                "bin/hhast-migrate",
                "bin/hhast-migrate.hack"
            ],
            "type": "library",
            "extra": {
                "branch-alias": {
                    "dev-master": "4.x-dev"
                }
            },
            "notification-url": "https://packagist.org/downloads/",
            "license": [
                "MIT"
            ],
            "description": "A mutable AST library for Hack with linting and code migrations",
            "support": {
                "issues": "https://github.com/hhvm/hhast/issues",
                "source": "https://github.com/hhvm/hhast/tree/v4.123.1"
            },
            "time": "2021-08-31T17:50:35+00:00"
        },
        {
            "name": "hhvm/hsl-experimental",
            "version": "v4.108.0",
            "source": {
                "type": "git",
                "url": "https://github.com/hhvm/hsl-experimental.git",
                "reference": "c145eda4344a3668119fde743e9d224bae7efe98"
            },
            "dist": {
                "type": "zip",
                "url": "https://api.github.com/repos/hhvm/hsl-experimental/zipball/c145eda4344a3668119fde743e9d224bae7efe98",
                "reference": "c145eda4344a3668119fde743e9d224bae7efe98",
                "shasum": ""
            },
            "require": {
                "hhvm": "^4.108",
                "hhvm/hsl": "^4.15"
            },
            "provide": {
                "hhvm/hsl-io": "0.3.0"
            },
            "require-dev": {
                "facebook/fbexpect": "^2.7.0",
                "hhvm/hacktest": "^2.0",
                "hhvm/hhvm-autoload": "^2.0|^3.0"
            },
            "type": "library",
            "extra": {
                "branch-alias": {
                    "dev-master": "4.x-dev"
                }
            },
            "notification-url": "https://packagist.org/downloads/",
            "license": [
                "MIT"
            ],
            "description": "The Hack Standard Library - Experimental Additions",
            "support": {
                "issues": "https://github.com/hhvm/hsl-experimental/issues",
                "source": "https://github.com/hhvm/hsl-experimental/tree/v4.108.0"
            },
            "time": "2021-05-04T18:41:22+00:00"
        },
        {
            "name": "hhvm/type-assert",
            "version": "v4.2.1",
            "source": {
                "type": "git",
                "url": "https://github.com/hhvm/type-assert.git",
                "reference": "8c907805af5313b2aa8e93242811e22d2de5dffe"
            },
            "dist": {
                "type": "zip",
                "url": "https://api.github.com/repos/hhvm/type-assert/zipball/8c907805af5313b2aa8e93242811e22d2de5dffe",
                "reference": "8c907805af5313b2aa8e93242811e22d2de5dffe",
                "shasum": ""
            },
            "require": {
                "hhvm": "^4.115",
                "hhvm/hsl": "^4.0"
            },
            "require-dev": {
                "facebook/fbexpect": "^2.0.0",
                "hhvm/hacktest": "^2.0",
                "hhvm/hhast": "^4.0",
                "hhvm/hhvm-autoload": "^2.0|^3.0"
            },
            "type": "library",
            "extra": {
                "branch-alias": {
                    "dev-master": "4.x-dev"
                }
            },
            "notification-url": "https://packagist.org/downloads/",
            "license": [
                "MIT"
            ],
            "description": "Convert untyped data to typed data",
            "keywords": [
                "TypeAssert",
                "hack"
            ],
            "support": {
                "issues": "https://github.com/hhvm/type-assert/issues",
                "source": "https://github.com/hhvm/type-assert/tree/v4.2.1"
            },
            "time": "2021-07-07T18:09:45+00:00"
        }
    ],
    "aliases": [],
    "minimum-stability": "stable",
    "stability-flags": [],
    "prefer-stable": false,
    "prefer-lowest": false,
    "platform": [],
    "platform-dev": [],
    "plugin-api-version": "2.1.0"
}
